
Microsoft Visual Studio Solution File, Format Version 12.00
# Visual Studio Version 16
VisualStudioVersion = 16.0.30114.105
MinimumVisualStudioVersion = 10.0.40219.1
Project("{8BC9CEB8-8B4A-11D0-8D11-00A0C91BC942}") = "Practice02_01_string", "Practice02_01_string\Practice02_01_string.vcxproj", "{C8CF3956-9594-49A3-B500-52794A18697D}"
EndProject
Project("{8BC9CEB8-8B4A-11D0-8D11-00A0C91BC942}") = "Practice_02_02_vector", "Practice_02_02_vector\Practice_02_02_vector.vcxproj", "{AA8A5407-13A9-4127-AC1C-D27D75312DB6}"
EndProject
Global
	GlobalSection(SolutionConfigurationPlatforms) = preSolution
		Debug|x64 = Debug|x64
		Debug|x86 = Debug|x86
		Release|x64 = Release|x64
		Release|x86 = Release|x86
	EndGlobalSection
	GlobalSection(ProjectConfigurationPlatforms) = postSolution
		{C8CF3956-9594-49A3-B500-52794A18697D}.Debug|x64.ActiveCfg = Debug|x64
		{C8CF3956-9594-49A3-B500-52794A18697D}.Debug|x64.Build.0 = Debug|x64
		{C8CF3956-9594-49A3-B500-52794A18697D}.Debug|x86.ActiveCfg = Debug|Win32
		{C8CF3956-9594-49A3-B500-52794A18697D}.Debug|x86.Build.0 = Debug|Win32
		{C8CF3956-9594-49A3-B500-52794A18697D}.Release|x64.ActiveCfg = Release|x64
		{C8CF3956-9594-49A3-B500-52794A18697D}.Release|x64.Build.0 = Release|x64
		{C8CF3956-9594-49A3-B500-52794A18697D}.Release|x86.ActiveCfg = Release|Win32
		{C8CF3956-9594-49A3-B500-52794A18697D}.Release|x86.Build.0 = Release|Win32
		{AA8A5407-13A9-4127-AC1C-D27D75312DB6}.Debug|x64.ActiveCfg = Debug|x64
		{AA8A5407-13A9-4127-AC1C-D27D75312DB6}.Debug|x64.Build.0 = Debug|x64
		{AA8A5407-13A9-4127-AC1C-D27D75312DB6}.Debug|x86.ActiveCfg = Debug|Win32
		{AA8A5407-13A9-4127-AC1C-D27D75312DB6}.Debug|x86.Build.0 = Debug|Win32
		{AA8A5407-13A9-4127-AC1C-D27D75312DB6}.Release|x64.ActiveCfg = Release|x64
		{AA8A5407-13A9-4127-AC1C-D27D75312DB6}.Release|x64.Build.0 = Release|x64
		{AA8A5407-13A9-4127-AC1C-D27D75312DB6}.Release|x86.ActiveCfg = Release|Win32
		{AA8A5407-13A9-4127-AC1C-D27D75312DB6}.Release|x86.Build.0 = Release|Win32
	EndGlobalSection
	GlobalSection(SolutionProperties) = preSolution
		HideSolutionNode = FALSE
	EndGlobalSection
	GlobalSection(ExtensibilityGlobals) = postSolution
		SolutionGuid = {79E1F01D-88FB-45AD-81D2-72E1CD217F17}
	EndGlobalSection
EndGlobal
